{
  "pins" : [
    {
      "identity" : "snapkit",
      "kind" : "remoteSourceControl",
      "location" : "https://github.com/SnapKit/SnapKit.git",
      "state" : {
        "revision" : "f222cbdf325885926566172f6f5f06af95473158",
        "version" : "5.6.0"
      }
    },
    {
      "identity" : "sweethomepackage",
      "kind" : "remoteSourceControl",
      "location" : "https://github.com/SitoGitHub/SweetHomePackage",
      "state" : {
        "branch" : "main",
        "revision" : "57e5aea465a940491d83357486890f7d01b67056"
      }
    }
  ],
  "version" : 2
}
