{
  "pins" : [
    {
      "identity" : "snapkit",
      "kind" : "remoteSourceControl",
      "location" : "https://github.com/SnapKit/SnapKit.git",
      "state" : {
        "revision" : "f222cbdf325885926566172f6f5f06af95473158",
        "version" : "5.6.0"
      }
    },
    {
      "identity" : "sweethomepackage",
      "kind" : "remoteSourceControl",
      "location" : "https://github.com/SitoGitHub/SweetHomePackage",
      "state" : {
        "branch" : "main",
        "revision" : "555f5e9b335d1dac23cf9c82f9508106b077cefe"
      }
    }
  ],
  "version" : 2
}
